
Microsoft Visual Studio Solution File, Format Version 12.00
# Visual Studio Version 16
VisualStudioVersion = 16.0.30406.217
MinimumVisualStudioVersion = 10.0.40219.1
Project("{FAE04EC0-301F-11D3-BF4B-00C04F79EFBC}") = "ChunkUpload", "ChunkUpload\ChunkUpload.csproj", "{DB603B20-B50C-4A59-B71B-5D9C776B19A0}"
EndProject
Global
	GlobalSection(SolutionConfigurationPlatforms) = preSolution
		Debug|Any CPU = Debug|Any CPU
		Release|Any CPU = Release|Any CPU
	EndGlobalSection
	GlobalSection(ProjectConfigurationPlatforms) = postSolution
		{DB603B20-B50C-4A59-B71B-5D9C776B19A0}.Debug|Any CPU.ActiveCfg = Debug|Any CPU
		{DB603B20-B50C-4A59-B71B-5D9C776B19A0}.Debug|Any CPU.Build.0 = Debug|Any CPU
		{DB603B20-B50C-4A59-B71B-5D9C776B19A0}.Release|Any CPU.ActiveCfg = Release|Any CPU
		{DB603B20-B50C-4A59-B71B-5D9C776B19A0}.Release|Any CPU.Build.0 = Release|Any CPU
	EndGlobalSection
	GlobalSection(SolutionProperties) = preSolution
		HideSolutionNode = FALSE
	EndGlobalSection
	GlobalSection(ExtensibilityGlobals) = postSolution
		SolutionGuid = {63CF7424-BF28-4C6C-A589-5DF01FA2BEF8}
	EndGlobalSection
EndGlobal
